
Microsoft Visual Studio Solution File, Format Version 12.00
# Visual Studio Version 17
VisualStudioVersion = 17.12.35707.178 d17.12
MinimumVisualStudioVersion = 10.0.40219.1
Project("{FAE04EC0-301F-11D3-BF4B-00C04F79EFBC}") = "API", "API\API.csproj", "{C22B1CDF-4878-41BA-9A02-5B1F4396334B}"
EndProject
Project("{FAE04EC0-301F-11D3-BF4B-00C04F79EFBC}") = "Application", "Application\Application.csproj", "{2D4D9316-C28D-494C-9E4B-99D35ACDE901}"
EndProject
Project("{FAE04EC0-301F-11D3-BF4B-00C04F79EFBC}") = "Domain", "Domain\Domain.csproj", "{7603112E-0E75-4EA7-BB36-EA16CBA6D015}"
EndProject
Project("{FAE04EC0-301F-11D3-BF4B-00C04F79EFBC}") = "Infrastructure", "Infrastructure\Infrastructure.csproj", "{1E0D477A-E27F-451D-A393-D47A07B3E475}"
EndProject
Project("{FAE04EC0-301F-11D3-BF4B-00C04F79EFBC}") = "Persistence", "Persistence\Persistence.csproj", "{A01F569A-3121-437A-AF55-7A9DA4450E0F}"
EndProject
Global
	GlobalSection(SolutionConfigurationPlatforms) = preSolution
		Debug|Any CPU = Debug|Any CPU
		Release|Any CPU = Release|Any CPU
	EndGlobalSection
	GlobalSection(ProjectConfigurationPlatforms) = postSolution
		{C22B1CDF-4878-41BA-9A02-5B1F4396334B}.Debug|Any CPU.ActiveCfg = Debug|Any CPU
		{C22B1CDF-4878-41BA-9A02-5B1F4396334B}.Debug|Any CPU.Build.0 = Debug|Any CPU
		{C22B1CDF-4878-41BA-9A02-5B1F4396334B}.Release|Any CPU.ActiveCfg = Release|Any CPU
		{C22B1CDF-4878-41BA-9A02-5B1F4396334B}.Release|Any CPU.Build.0 = Release|Any CPU
		{2D4D9316-C28D-494C-9E4B-99D35ACDE901}.Debug|Any CPU.ActiveCfg = Debug|Any CPU
		{2D4D9316-C28D-494C-9E4B-99D35ACDE901}.Debug|Any CPU.Build.0 = Debug|Any CPU
		{2D4D9316-C28D-494C-9E4B-99D35ACDE901}.Release|Any CPU.ActiveCfg = Release|Any CPU
		{2D4D9316-C28D-494C-9E4B-99D35ACDE901}.Release|Any CPU.Build.0 = Release|Any CPU
		{7603112E-0E75-4EA7-BB36-EA16CBA6D015}.Debug|Any CPU.ActiveCfg = Debug|Any CPU
		{7603112E-0E75-4EA7-BB36-EA16CBA6D015}.Debug|Any CPU.Build.0 = Debug|Any CPU
		{7603112E-0E75-4EA7-BB36-EA16CBA6D015}.Release|Any CPU.ActiveCfg = Release|Any CPU
		{7603112E-0E75-4EA7-BB36-EA16CBA6D015}.Release|Any CPU.Build.0 = Release|Any CPU
		{1E0D477A-E27F-451D-A393-D47A07B3E475}.Debug|Any CPU.ActiveCfg = Debug|Any CPU
		{1E0D477A-E27F-451D-A393-D47A07B3E475}.Debug|Any CPU.Build.0 = Debug|Any CPU
		{1E0D477A-E27F-451D-A393-D47A07B3E475}.Release|Any CPU.ActiveCfg = Release|Any CPU
		{1E0D477A-E27F-451D-A393-D47A07B3E475}.Release|Any CPU.Build.0 = Release|Any CPU
		{A01F569A-3121-437A-AF55-7A9DA4450E0F}.Debug|Any CPU.ActiveCfg = Debug|Any CPU
		{A01F569A-3121-437A-AF55-7A9DA4450E0F}.Debug|Any CPU.Build.0 = Debug|Any CPU
		{A01F569A-3121-437A-AF55-7A9DA4450E0F}.Release|Any CPU.ActiveCfg = Release|Any CPU
		{A01F569A-3121-437A-AF55-7A9DA4450E0F}.Release|Any CPU.Build.0 = Release|Any CPU
	EndGlobalSection
	GlobalSection(SolutionProperties) = preSolution
		HideSolutionNode = FALSE
	EndGlobalSection
EndGlobal
